
Microsoft Visual Studio Solution File, Format Version 12.00
# Visual Studio 2013
VisualStudioVersion = 12.0.40629.0
MinimumVisualStudioVersion = 10.0.40219.1
Project("{FAE04EC0-301F-11D3-BF4B-00C04F79EFBC}") = "FSM.POCO", "FSM.POCO\FSM.POCO.csproj", "{3294671B-13B9-4DDC-BE88-95CA4C904E62}"
EndProject
Project("{FAE04EC0-301F-11D3-BF4B-00C04F79EFBC}") = "FSM.POCO.Tests", "FSM.POCO.Tests\FSM.POCO.Tests.csproj", "{28191F1D-5478-4CF5-A37E-D4352B38BD6F}"
EndProject
Global
	GlobalSection(SolutionConfigurationPlatforms) = preSolution
		Debug|Any CPU = Debug|Any CPU
		Release|Any CPU = Release|Any CPU
	EndGlobalSection
	GlobalSection(ProjectConfigurationPlatforms) = postSolution
		{3294671B-13B9-4DDC-BE88-95CA4C904E62}.Debug|Any CPU.ActiveCfg = Debug|Any CPU
		{3294671B-13B9-4DDC-BE88-95CA4C904E62}.Debug|Any CPU.Build.0 = Debug|Any CPU
		{3294671B-13B9-4DDC-BE88-95CA4C904E62}.Release|Any CPU.ActiveCfg = Release|Any CPU
		{3294671B-13B9-4DDC-BE88-95CA4C904E62}.Release|Any CPU.Build.0 = Release|Any CPU
		{28191F1D-5478-4CF5-A37E-D4352B38BD6F}.Debug|Any CPU.ActiveCfg = Debug|Any CPU
		{28191F1D-5478-4CF5-A37E-D4352B38BD6F}.Debug|Any CPU.Build.0 = Debug|Any CPU
		{28191F1D-5478-4CF5-A37E-D4352B38BD6F}.Release|Any CPU.ActiveCfg = Release|Any CPU
		{28191F1D-5478-4CF5-A37E-D4352B38BD6F}.Release|Any CPU.Build.0 = Release|Any CPU
	EndGlobalSection
	GlobalSection(SolutionProperties) = preSolution
		HideSolutionNode = FALSE
	EndGlobalSection
EndGlobal
